
Microsoft Visual Studio Solution File, Format Version 12.00
# Visual Studio Version 17
VisualStudioVersion = 17.5.33502.453
MinimumVisualStudioVersion = 10.0.40219.1
Project("{9A19103F-16F7-4668-BE54-9A1E7A4F7556}") = "eShop", "eShop\eShop.csproj", "{C385F2F0-B3BA-46D5-9D76-A50AE078E5DA}"
EndProject
Global
	GlobalSection(SolutionConfigurationPlatforms) = preSolution
		Debug|Any CPU = Debug|Any CPU
		Release|Any CPU = Release|Any CPU
	EndGlobalSection
	GlobalSection(ProjectConfigurationPlatforms) = postSolution
		{C385F2F0-B3BA-46D5-9D76-A50AE078E5DA}.Debug|Any CPU.ActiveCfg = Debug|Any CPU
		{C385F2F0-B3BA-46D5-9D76-A50AE078E5DA}.Debug|Any CPU.Build.0 = Debug|Any CPU
		{C385F2F0-B3BA-46D5-9D76-A50AE078E5DA}.Release|Any CPU.ActiveCfg = Release|Any CPU
		{C385F2F0-B3BA-46D5-9D76-A50AE078E5DA}.Release|Any CPU.Build.0 = Release|Any CPU
	EndGlobalSection
	GlobalSection(SolutionProperties) = preSolution
		HideSolutionNode = FALSE
	EndGlobalSection
	GlobalSection(ExtensibilityGlobals) = postSolution
		SolutionGuid = {335C0ACC-74DB-47D1-952B-5809F07324F0}
	EndGlobalSection
EndGlobal
