
Microsoft Visual Studio Solution File, Format Version 12.00
# Visual Studio Version 16
VisualStudioVersion = 16.0.30907.101
MinimumVisualStudioVersion = 10.0.40219.1
Project("{FAE04EC0-301F-11D3-BF4B-00C04F79EFBC}") = "Redistest", "Redistest\Redistest.csproj", "{6FCB5111-5851-4489-B18A-EC4CC20E9FDD}"
EndProject
Global
	GlobalSection(SolutionConfigurationPlatforms) = preSolution
		Debug|Any CPU = Debug|Any CPU
		Release|Any CPU = Release|Any CPU
	EndGlobalSection
	GlobalSection(ProjectConfigurationPlatforms) = postSolution
		{6FCB5111-5851-4489-B18A-EC4CC20E9FDD}.Debug|Any CPU.ActiveCfg = Debug|Any CPU
		{6FCB5111-5851-4489-B18A-EC4CC20E9FDD}.Debug|Any CPU.Build.0 = Debug|Any CPU
		{6FCB5111-5851-4489-B18A-EC4CC20E9FDD}.Release|Any CPU.ActiveCfg = Release|Any CPU
		{6FCB5111-5851-4489-B18A-EC4CC20E9FDD}.Release|Any CPU.Build.0 = Release|Any CPU
	EndGlobalSection
	GlobalSection(SolutionProperties) = preSolution
		HideSolutionNode = FALSE
	EndGlobalSection
	GlobalSection(ExtensibilityGlobals) = postSolution
		SolutionGuid = {4EAF40FD-90A7-4A7E-A2A8-406F7C6F1554}
	EndGlobalSection
EndGlobal
